
Microsoft Visual Studio Solution File, Format Version 12.00
# Visual Studio Version 16
VisualStudioVersion = 16.0.29424.173
MinimumVisualStudioVersion = 10.0.40219.1
Project("{FAE04EC0-301F-11D3-BF4B-00C04F79EFBC}") = "ExercisesFunctions", "ExercisesFunctions.csproj", "{907B52B5-7AC1-47C6-89B9-AAC0F6AC00C7}"
EndProject
Global
	GlobalSection(SolutionConfigurationPlatforms) = preSolution
		Debug|Any CPU = Debug|Any CPU
		Release|Any CPU = Release|Any CPU
	EndGlobalSection
	GlobalSection(ProjectConfigurationPlatforms) = postSolution
		{907B52B5-7AC1-47C6-89B9-AAC0F6AC00C7}.Debug|Any CPU.ActiveCfg = Debug|Any CPU
		{907B52B5-7AC1-47C6-89B9-AAC0F6AC00C7}.Debug|Any CPU.Build.0 = Debug|Any CPU
		{907B52B5-7AC1-47C6-89B9-AAC0F6AC00C7}.Release|Any CPU.ActiveCfg = Release|Any CPU
		{907B52B5-7AC1-47C6-89B9-AAC0F6AC00C7}.Release|Any CPU.Build.0 = Release|Any CPU
	EndGlobalSection
	GlobalSection(SolutionProperties) = preSolution
		HideSolutionNode = FALSE
	EndGlobalSection
	GlobalSection(ExtensibilityGlobals) = postSolution
		SolutionGuid = {56DF5BDA-DB2D-4313-B225-00331720C785}
	EndGlobalSection
EndGlobal
